
Microsoft Visual Studio Solution File, Format Version 12.00
# Visual Studio 2013
VisualStudioVersion = 12.0.40629.0
MinimumVisualStudioVersion = 10.0.40219.1
Project("{E24C65DC-7377-472B-9ABA-BC803B73C61A}") = "Baby_blooms", "http://localhost:60120", "{D50EA16F-593E-4DD0-8001-19D8DB00CBDB}"
	ProjectSection(WebsiteProperties) = preProject
		UseIISExpress = "true"
		TargetFrameworkMoniker = ".NETFramework,Version%3Dv4.6.2"
		Debug.AspNetCompiler.VirtualPath = "/localhost_60120"
		Debug.AspNetCompiler.PhysicalPath = "..\..\WebSites\Baby_blooms\"
		Debug.AspNetCompiler.TargetPath = "PrecompiledWeb\localhost_60120\"
		Debug.AspNetCompiler.Updateable = "true"
		Debug.AspNetCompiler.ForceOverwrite = "true"
		Debug.AspNetCompiler.FixedNames = "false"
		Debug.AspNetCompiler.Debug = "True"
		Release.AspNetCompiler.VirtualPath = "/localhost_60120"
		Release.AspNetCompiler.PhysicalPath = "..\..\WebSites\Baby_blooms\"
		Release.AspNetCompiler.TargetPath = "PrecompiledWeb\localhost_60120\"
		Release.AspNetCompiler.Updateable = "true"
		Release.AspNetCompiler.ForceOverwrite = "true"
		Release.AspNetCompiler.FixedNames = "false"
		Release.AspNetCompiler.Debug = "False"
		SlnRelativePath = "..\..\WebSites\Baby_blooms\"
		DefaultWebSiteLanguage = "Visual C#"
	EndProjectSection
EndProject
Global
	GlobalSection(SolutionConfigurationPlatforms) = preSolution
		Debug|Any CPU = Debug|Any CPU
	EndGlobalSection
	GlobalSection(ProjectConfigurationPlatforms) = postSolution
		{D50EA16F-593E-4DD0-8001-19D8DB00CBDB}.Debug|Any CPU.ActiveCfg = Debug|Any CPU
		{D50EA16F-593E-4DD0-8001-19D8DB00CBDB}.Debug|Any CPU.Build.0 = Debug|Any CPU
	EndGlobalSection
	GlobalSection(SolutionProperties) = preSolution
		HideSolutionNode = FALSE
	EndGlobalSection
EndGlobal
